
Microsoft Visual Studio Solution File, Format Version 12.00
# Visual Studio Version 16
VisualStudioVersion = 16.0.30002.166
MinimumVisualStudioVersion = 10.0.40219.1
Project("{FAE04EC0-301F-11D3-BF4B-00C04F79EFBC}") = "pong0.1", "pong0.1\pong0.1.csproj", "{A0E7F2C0-83E7-4BF1-93C2-94925E03B1DB}"
EndProject
Global
	GlobalSection(SolutionConfigurationPlatforms) = preSolution
		Debug|Any CPU = Debug|Any CPU
		Release|Any CPU = Release|Any CPU
	EndGlobalSection
	GlobalSection(ProjectConfigurationPlatforms) = postSolution
		{A0E7F2C0-83E7-4BF1-93C2-94925E03B1DB}.Debug|Any CPU.ActiveCfg = Debug|Any CPU
		{A0E7F2C0-83E7-4BF1-93C2-94925E03B1DB}.Debug|Any CPU.Build.0 = Debug|Any CPU
		{A0E7F2C0-83E7-4BF1-93C2-94925E03B1DB}.Release|Any CPU.ActiveCfg = Release|Any CPU
		{A0E7F2C0-83E7-4BF1-93C2-94925E03B1DB}.Release|Any CPU.Build.0 = Release|Any CPU
	EndGlobalSection
	GlobalSection(SolutionProperties) = preSolution
		HideSolutionNode = FALSE
	EndGlobalSection
	GlobalSection(ExtensibilityGlobals) = postSolution
		SolutionGuid = {4368B1E9-4A9E-4740-A210-17C9823D5419}
	EndGlobalSection
EndGlobal
